
Microsoft Visual Studio Solution File, Format Version 12.00
# Visual Studio 15
Project("{FAE04EC0-301F-11D3-BF4B-00C04F79EFBC}") = "Assembly-CSharp", "Assembly-CSharp.csproj", "{E3D650DA-1E1C-99B2-01C8-7B6538156B63}"
EndProject
Project("{FAE04EC0-301F-11D3-BF4B-00C04F79EFBC}") = "Assembly-CSharp-firstpass", "Assembly-CSharp-firstpass.csproj", "{09A46A48-14FA-70D3-64E3-35CE9FB9159C}"
EndProject
Project("{FAE04EC0-301F-11D3-BF4B-00C04F79EFBC}") = "Assembly-CSharp-Editor", "Assembly-CSharp-Editor.csproj", "{EF625282-8E96-04CA-4D40-931802B49B7A}"
EndProject
Global
	GlobalSection(SolutionConfigurationPlatforms) = preSolution
		Debug|Any CPU = Debug|Any CPU
		Release|Any CPU = Release|Any CPU
	EndGlobalSection
	GlobalSection(ProjectConfigurationPlatforms) = postSolution
		{E3D650DA-1E1C-99B2-01C8-7B6538156B63}.Debug|Any CPU.ActiveCfg = Debug|Any CPU
		{E3D650DA-1E1C-99B2-01C8-7B6538156B63}.Debug|Any CPU.Build.0 = Debug|Any CPU
		{E3D650DA-1E1C-99B2-01C8-7B6538156B63}.Release|Any CPU.ActiveCfg = Release|Any CPU
		{E3D650DA-1E1C-99B2-01C8-7B6538156B63}.Release|Any CPU.Build.0 = Release|Any CPU
		{09A46A48-14FA-70D3-64E3-35CE9FB9159C}.Debug|Any CPU.ActiveCfg = Debug|Any CPU
		{09A46A48-14FA-70D3-64E3-35CE9FB9159C}.Debug|Any CPU.Build.0 = Debug|Any CPU
		{09A46A48-14FA-70D3-64E3-35CE9FB9159C}.Release|Any CPU.ActiveCfg = Release|Any CPU
		{09A46A48-14FA-70D3-64E3-35CE9FB9159C}.Release|Any CPU.Build.0 = Release|Any CPU
		{EF625282-8E96-04CA-4D40-931802B49B7A}.Debug|Any CPU.ActiveCfg = Debug|Any CPU
		{EF625282-8E96-04CA-4D40-931802B49B7A}.Debug|Any CPU.Build.0 = Debug|Any CPU
		{EF625282-8E96-04CA-4D40-931802B49B7A}.Release|Any CPU.ActiveCfg = Release|Any CPU
		{EF625282-8E96-04CA-4D40-931802B49B7A}.Release|Any CPU.Build.0 = Release|Any CPU
	EndGlobalSection
	GlobalSection(SolutionProperties) = preSolution
		HideSolutionNode = FALSE
	EndGlobalSection
EndGlobal
